// !$*UTF8*$!
{
	archiveVersion = 1;
	classes = {
	};
	objectVersion = 46;
	objects = {

/* Begin PBXBuildFile section */
		694BB2EB1B405E9B00EC2DA4 /* LocationTracker.swift in Sources */ = {isa = PBXBuildFile; fileRef = 694BB2EA1B405E9B00EC2DA4 /* LocationTracker.swift */; };
		695FF87A1B372FB200706A33 /* Constants.swift in Sources */ = {isa = PBXBuildFile; fileRef = 695FF8791B372FB200706A33 /* Constants.swift */; };
		69BBA87F1B4019E3000F6502 /* SJHttpController.swift in Sources */ = {isa = PBXBuildFile; fileRef = 69BBA87E1B4019E3000F6502 /* SJHttpController.swift */; };
		69BBA8811B401AB1000F6502 /* DatabaseController.swift in Sources */ = {isa = PBXBuildFile; fileRef = 69BBA8801B401AB1000F6502 /* DatabaseController.swift */; };
		69ECB4CA1B31E4600055EF4A /* AppDelegate.swift in Sources */ = {isa = PBXBuildFile; fileRef = 69ECB4C91B31E4600055EF4A /* AppDelegate.swift */; };
		69ECB4CD1B31E4600055EF4A /* SJLocationTracking.xcdatamodeld in Sources */ = {isa = PBXBuildFile; fileRef = 69ECB4CB1B31E4600055EF4A /* SJLocationTracking.xcdatamodeld */; };
		69ECB4CF1B31E4600055EF4A /* ViewController.swift in Sources */ = {isa = PBXBuildFile; fileRef = 69ECB4CE1B31E4600055EF4A /* ViewController.swift */; };
		69ECB4D21B31E4610055EF4A /* Main.storyboard in Resources */ = {isa = PBXBuildFile; fileRef = 69ECB4D01B31E4610055EF4A /* Main.storyboard */; };
		69ECB4D41B31E4610055EF4A /* Images.xcassets in Resources */ = {isa = PBXBuildFile; fileRef = 69ECB4D31B31E4610055EF4A /* Images.xcassets */; };
		69ECB4D71B31E4610055EF4A /* LaunchScreen.xib in Resources */ = {isa = PBXBuildFile; fileRef = 69ECB4D51B31E4610055EF4A /* LaunchScreen.xib */; };
		69ECB4E31B31E4610055EF4A /* SJLocationTrackingTests.swift in Sources */ = {isa = PBXBuildFile; fileRef = 69ECB4E21B31E4610055EF4A /* SJLocationTrackingTests.swift */; };
		785AA38CE6E0E3AEEC3A16C7 /* Pods.framework in Frameworks */ = {isa = PBXBuildFile; fileRef = EF518F8C5FB778F2290FDAE7 /* Pods.framework */; settings = {ATTRIBUTES = (Weak, ); }; };
/* End PBXBuildFile section */

/* Begin PBXContainerItemProxy section */
		69ECB4DD1B31E4610055EF4A /* PBXContainerItemProxy */ = {
			isa = PBXContainerItemProxy;
			containerPortal = 69ECB4BC1B31E4600055EF4A /* Project object */;
			proxyType = 1;
			remoteGlobalIDString = 69ECB4C31B31E4600055EF4A;
			remoteInfo = SJLocationTracking;
		};
/* End PBXContainerItemProxy section */

/* Begin PBXFileReference section */
		694BB2EA1B405E9B00EC2DA4 /* LocationTracker.swift */ = {isa = PBXFileReference; fileEncoding = 4; lastKnownFileType = sourcecode.swift; path = LocationTracker.swift; sourceTree = "<group>"; };
		695FF8791B372FB200706A33 /* Constants.swift */ = {isa = PBXFileReference; fileEncoding = 4; lastKnownFileType = sourcecode.swift; path = Constants.swift; sourceTree = "<group>"; };
		69BBA87E1B4019E3000F6502 /* SJHttpController.swift */ = {isa = PBXFileReference; fileEncoding = 4; lastKnownFileType = sourcecode.swift; path = SJHttpController.swift; sourceTree = "<group>"; };
		69BBA8801B401AB1000F6502 /* DatabaseController.swift */ = {isa = PBXFileReference; fileEncoding = 4; lastKnownFileType = sourcecode.swift; path = DatabaseController.swift; sourceTree = "<group>"; };
		69ECB4C41B31E4600055EF4A /* SJLocationTracking.app */ = {isa = PBXFileReference; explicitFileType = wrapper.application; includeInIndex = 0; path = SJLocationTracking.app; sourceTree = BUILT_PRODUCTS_DIR; };
		69ECB4C81B31E4600055EF4A /* Info.plist */ = {isa = PBXFileReference; lastKnownFileType = text.plist.xml; path = Info.plist; sourceTree = "<group>"; };
		69ECB4C91B31E4600055EF4A /* AppDelegate.swift */ = {isa = PBXFileReference; lastKnownFileType = sourcecode.swift; path = AppDelegate.swift; sourceTree = "<group>"; };
		69ECB4CC1B31E4600055EF4A /* SJLocationTracking.xcdatamodel */ = {isa = PBXFileReference; lastKnownFileType = wrapper.xcdatamodel; path = SJLocationTracking.xcdatamodel; sourceTree = "<group>"; };
		69ECB4CE1B31E4600055EF4A /* ViewController.swift */ = {isa = PBXFileReference; lastKnownFileType = sourcecode.swift; path = ViewController.swift; sourceTree = "<group>"; };
		69ECB4D11B31E4610055EF4A /* Base */ = {isa = PBXFileReference; lastKnownFileType = file.storyboard; name = Base; path = Base.lproj/Main.storyboard; sourceTree = "<group>"; };
		69ECB4D31B31E4610055EF4A /* Images.xcassets */ = {isa = PBXFileReference; lastKnownFileType = folder.assetcatalog; path = Images.xcassets; sourceTree = "<group>"; };
		69ECB4D61B31E4610055EF4A /* Base */ = {isa = PBXFileReference; lastKnownFileType = file.xib; name = Base; path = Base.lproj/LaunchScreen.xib; sourceTree = "<group>"; };
		69ECB4DC1B31E4610055EF4A /* SJLocationTrackingTests.xctest */ = {isa = PBXFileReference; explicitFileType = wrapper.cfbundle; includeInIndex = 0; path = SJLocationTrackingTests.xctest; sourceTree = BUILT_PRODUCTS_DIR; };
		69ECB4E11B31E4610055EF4A /* Info.plist */ = {isa = PBXFileReference; lastKnownFileType = text.plist.xml; path = Info.plist; sourceTree = "<group>"; };
		69ECB4E21B31E4610055EF4A /* SJLocationTrackingTests.swift */ = {isa = PBXFileReference; lastKnownFileType = sourcecode.swift; path = SJLocationTrackingTests.swift; sourceTree = "<group>"; };
		71FBBCA83352111DEC33D6A5 /* Pods.release.xcconfig */ = {isa = PBXFileReference; includeInIndex = 1; lastKnownFileType = text.xcconfig; name = Pods.release.xcconfig; path = "Pods/Target Support Files/Pods/Pods.release.xcconfig"; sourceTree = "<group>"; };
		D90C0D94C0B9EA96D7F236F2 /* Pods.debug.xcconfig */ = {isa = PBXFileReference; includeInIndex = 1; lastKnownFileType = text.xcconfig; name = Pods.debug.xcconfig; path = "Pods/Target Support Files/Pods/Pods.debug.xcconfig"; sourceTree = "<group>"; };
		EF518F8C5FB778F2290FDAE7 /* Pods.framework */ = {isa = PBXFileReference; explicitFileType = wrapper.framework; includeInIndex = 0; path = Pods.framework; sourceTree = BUILT_PRODUCTS_DIR; };
/* End PBXFileReference section */

/* Begin PBXFrameworksBuildPhase section */
		69ECB4C11B31E4600055EF4A /* Frameworks */ = {
			isa = PBXFrameworksBuildPhase;
			buildActionMask = 2147483647;
			files = (
				785AA38CE6E0E3AEEC3A16C7 /* Pods.framework in Frameworks */,
			);
			runOnlyForDeploymentPostprocessing = 0;
		};
		69ECB4D91B31E4610055EF4A /* Frameworks */ = {
			isa = PBXFrameworksBuildPhase;
			buildActionMask = 2147483647;
			files = (
			);
			runOnlyForDeploymentPostprocessing = 0;
		};
/* End PBXFrameworksBuildPhase section */

/* Begin PBXGroup section */
		66EC9ADC8C099EC8B89634BE /* Pods */ = {
			isa = PBXGroup;
			children = (
				D90C0D94C0B9EA96D7F236F2 /* Pods.debug.xcconfig */,
				71FBBCA83352111DEC33D6A5 /* Pods.release.xcconfig */,
			);
			name = Pods;
			sourceTree = "<group>";
		};
		69ECB4BB1B31E4600055EF4A = {
			isa = PBXGroup;
			children = (
				69ECB4C61B31E4600055EF4A /* SJLocationTracking */,
				69ECB4DF1B31E4610055EF4A /* SJLocationTrackingTests */,
				69ECB4C51B31E4600055EF4A /* Products */,
				66EC9ADC8C099EC8B89634BE /* Pods */,
				95CA3C347297FE0F0FD7D5D2 /* Frameworks */,
			);
			sourceTree = "<group>";
		};
		69ECB4C51B31E4600055EF4A /* Products */ = {
			isa = PBXGroup;
			children = (
				69ECB4C41B31E4600055EF4A /* SJLocationTracking.app */,
				69ECB4DC1B31E4610055EF4A /* SJLocationTrackingTests.xctest */,
			);
			name = Products;
			sourceTree = "<group>";
		};
		69ECB4C61B31E4600055EF4A /* SJLocationTracking */ = {
			isa = PBXGroup;
			children = (
				694BB2EA1B405E9B00EC2DA4 /* LocationTracker.swift */,
				69ECB4C91B31E4600055EF4A /* AppDelegate.swift */,
				69ECB4CE1B31E4600055EF4A /* ViewController.swift */,
				69ECB4D01B31E4610055EF4A /* Main.storyboard */,
				69ECB4D31B31E4610055EF4A /* Images.xcassets */,
				69ECB4D51B31E4610055EF4A /* LaunchScreen.xib */,
				69ECB4CB1B31E4600055EF4A /* SJLocationTracking.xcdatamodeld */,
				69ECB4C71B31E4600055EF4A /* Supporting Files */,
				695FF8791B372FB200706A33 /* Constants.swift */,
				69BBA87E1B4019E3000F6502 /* SJHttpController.swift */,
				69BBA8801B401AB1000F6502 /* DatabaseController.swift */,
			);
			path = SJLocationTracking;
			sourceTree = "<group>";
		};
		69ECB4C71B31E4600055EF4A /* Supporting Files */ = {
			isa = PBXGroup;
			children = (
				69ECB4C81B31E4600055EF4A /* Info.plist */,
			);
			name = "Supporting Files";
			sourceTree = "<group>";
		};
		69ECB4DF1B31E4610055EF4A /* SJLocationTrackingTests */ = {
			isa = PBXGroup;
			children = (
				69ECB4E21B31E4610055EF4A /* SJLocationTrackingTests.swift */,
				69ECB4E01B31E4610055EF4A /* Supporting Files */,
			);
			path = SJLocationTrackingTests;
			sourceTree = "<group>";
		};
		69ECB4E01B31E4610055EF4A /* Supporting Files */ = {
			isa = PBXGroup;
			children = (
				69ECB4E11B31E4610055EF4A /* Info.plist */,
			);
			name = "Supporting Files";
			sourceTree = "<group>";
		};
		95CA3C347297FE0F0FD7D5D2 /* Frameworks */ = {
			isa = PBXGroup;
			children = (
				EF518F8C5FB778F2290FDAE7 /* Pods.framework */,
			);
			name = Frameworks;
			sourceTree = "<group>";
		};
/* End PBXGroup section */

/* Begin PBXNativeTarget section */
		69ECB4C31B31E4600055EF4A /* SJLocationTracking */ = {
			isa = PBXNativeTarget;
			buildConfigurationList = 69ECB4E61B31E4610055EF4A /* Build configuration list for PBXNativeTarget "SJLocationTracking" */;
			buildPhases = (
				AD928CC2C2AB629AC8D15EE0 /* Check Pods Manifest.lock */,
				69ECB4C01B31E4600055EF4A /* Sources */,
				69ECB4C11B31E4600055EF4A /* Frameworks */,
				69ECB4C21B31E4600055EF4A /* Resources */,
				9D786E03F5B6C4A910558107 /* Embed Pods Frameworks */,
				559314752F627C5E00BF7567 /* Copy Pods Resources */,
			);
			buildRules = (
			);
			dependencies = (
			);
			name = SJLocationTracking;
			productName = SJLocationTracking;
			productReference = 69ECB4C41B31E4600055EF4A /* SJLocationTracking.app */;
			productType = "com.apple.product-type.application";
		};
		69ECB4DB1B31E4610055EF4A /* SJLocationTrackingTests */ = {
			isa = PBXNativeTarget;
			buildConfigurationList = 69ECB4E91B31E4610055EF4A /* Build configuration list for PBXNativeTarget "SJLocationTrackingTests" */;
			buildPhases = (
				69ECB4D81B31E4610055EF4A /* Sources */,
				69ECB4D91B31E4610055EF4A /* Frameworks */,
				69ECB4DA1B31E4610055EF4A /* Resources */,
			);
			buildRules = (
			);
			dependencies = (
				69ECB4DE1B31E4610055EF4A /* PBXTargetDependency */,
			);
			name = SJLocationTrackingTests;
			productName = SJLocationTrackingTests;
			productReference = 69ECB4DC1B31E4610055EF4A /* SJLocationTrackingTests.xctest */;
			productType = "com.apple.product-type.bundle.unit-test";
		};
/* End PBXNativeTarget section */

/* Begin PBXProject section */
		69ECB4BC1B31E4600055EF4A /* Project object */ = {
			isa = PBXProject;
			attributes = {
				LastUpgradeCheck = 0630;
				ORGANIZATIONNAME = SJunejo;
				TargetAttributes = {
					69ECB4C31B31E4600055EF4A = {
						CreatedOnToolsVersion = 6.3;
						SystemCapabilities = {
							com.apple.BackgroundModes = {
								enabled = 1;
							};
						};
					};
					69ECB4DB1B31E4610055EF4A = {
						CreatedOnToolsVersion = 6.3;
						TestTargetID = 69ECB4C31B31E4600055EF4A;
					};
				};
			};
			buildConfigurationList = 69ECB4BF1B31E4600055EF4A /* Build configuration list for PBXProject "SJLocationTracking" */;
			compatibilityVersion = "Xcode 3.2";
			developmentRegion = English;
			hasScannedForEncodings = 0;
			knownRegions = (
				en,
				Base,
			);
			mainGroup = 69ECB4BB1B31E4600055EF4A;
			productRefGroup = 69ECB4C51B31E4600055EF4A /* Products */;
			projectDirPath = "";
			projectRoot = "";
			targets = (
				69ECB4C31B31E4600055EF4A /* SJLocationTracking */,
				69ECB4DB1B31E4610055EF4A /* SJLocationTrackingTests */,
			);
		};
/* End PBXProject section */

/* Begin PBXResourcesBuildPhase section */
		69ECB4C21B31E4600055EF4A /* Resources */ = {
			isa = PBXResourcesBuildPhase;
			buildActionMask = 2147483647;
			files = (
				69ECB4D21B31E4610055EF4A /* Main.storyboard in Resources */,
				69ECB4D71B31E4610055EF4A /* LaunchScreen.xib in Resources */,
				69ECB4D41B31E4610055EF4A /* Images.xcassets in Resources */,
			);
			runOnlyForDeploymentPostprocessing = 0;
		};
		69ECB4DA1B31E4610055EF4A /* Resources */ = {
			isa = PBXResourcesBuildPhase;
			buildActionMask = 2147483647;
			files = (
			);
			runOnlyForDeploymentPostprocessing = 0;
		};
/* End PBXResourcesBuildPhase section */

/* Begin PBXShellScriptBuildPhase section */
		559314752F627C5E00BF7567 /* Copy Pods Resources */ = {
			isa = PBXShellScriptBuildPhase;
			buildActionMask = 2147483647;
			files = (
			);
			inputPaths = (
			);
			name = "Copy Pods Resources";
			outputPaths = (
			);
			runOnlyForDeploymentPostprocessing = 0;
			shellPath = /bin/sh;
			shellScript = "\"${SRCROOT}/Pods/Target Support Files/Pods/Pods-resources.sh\"\n";
			showEnvVarsInLog = 0;
		};
		9D786E03F5B6C4A910558107 /* Embed Pods Frameworks */ = {
			isa = PBXShellScriptBuildPhase;
			buildActionMask = 2147483647;
			files = (
			);
			inputPaths = (
			);
			name = "Embed Pods Frameworks";
			outputPaths = (
			);
			runOnlyForDeploymentPostprocessing = 0;
			shellPath = /bin/sh;
			shellScript = "\"${SRCROOT}/Pods/Target Support Files/Pods/Pods-frameworks.sh\"\n";
			showEnvVarsInLog = 0;
		};
		AD928CC2C2AB629AC8D15EE0 /* Check Pods Manifest.lock */ = {
			isa = PBXShellScriptBuildPhase;
			buildActionMask = 2147483647;
			files = (
			);
			inputPaths = (
			);
			name = "Check Pods Manifest.lock";
			outputPaths = (
			);
			runOnlyForDeploymentPostprocessing = 0;
			shellPath = /bin/sh;
			shellScript = "diff \"${PODS_ROOT}/../Podfile.lock\" \"${PODS_ROOT}/Manifest.lock\" > /dev/null\nif [[ $? != 0 ]] ; then\n    cat << EOM\nerror: The sandbox is not in sync with the Podfile.lock. Run 'pod install' or update your CocoaPods installation.\nEOM\n    exit 1\nfi\n";
			showEnvVarsInLog = 0;
		};
/* End PBXShellScriptBuildPhase section */

/* Begin PBXSourcesBuildPhase section */
		69ECB4C01B31E4600055EF4A /* Sources */ = {
			isa = PBXSourcesBuildPhase;
			buildActionMask = 2147483647;
			files = (
				69BBA87F1B4019E3000F6502 /* SJHttpController.swift in Sources */,
				695FF87A1B372FB200706A33 /* Constants.swift in Sources */,
				69ECB4CF1B31E4600055EF4A /* ViewController.swift in Sources */,
				69ECB4CD1B31E4600055EF4A /* SJLocationTracking.xcdatamodeld in Sources */,
				694BB2EB1B405E9B00EC2DA4 /* LocationTracker.swift in Sources */,
				69ECB4CA1B31E4600055EF4A /* AppDelegate.swift in Sources */,
				69BBA8811B401AB1000F6502 /* DatabaseController.swift in Sources */,
			);
			runOnlyForDeploymentPostprocessing = 0;
		};
		69ECB4D81B31E4610055EF4A /* Sources */ = {
			isa = PBXSourcesBuildPhase;
			buildActionMask = 2147483647;
			files = (
				69ECB4E31B31E4610055EF4A /* SJLocationTrackingTests.swift in Sources */,
			);
			runOnlyForDeploymentPostprocessing = 0;
		};
/* End PBXSourcesBuildPhase section */

/* Begin PBXTargetDependency section */
		69ECB4DE1B31E4610055EF4A /* PBXTargetDependency */ = {
			isa = PBXTargetDependency;
			target = 69ECB4C31B31E4600055EF4A /* SJLocationTracking */;
			targetProxy = 69ECB4DD1B31E4610055EF4A /* PBXContainerItemProxy */;
		};
/* End PBXTargetDependency section */

/* Begin PBXVariantGroup section */
		69ECB4D01B31E4610055EF4A /* Main.storyboard */ = {
			isa = PBXVariantGroup;
			children = (
				69ECB4D11B31E4610055EF4A /* Base */,
			);
			name = Main.storyboard;
			sourceTree = "<group>";
		};
		69ECB4D51B31E4610055EF4A /* LaunchScreen.xib */ = {
			isa = PBXVariantGroup;
			children = (
				69ECB4D61B31E4610055EF4A /* Base */,
			);
			name = LaunchScreen.xib;
			sourceTree = "<group>";
		};
/* End PBXVariantGroup section */

/* Begin XCBuildConfiguration section */
		69ECB4E41B31E4610055EF4A /* Debug */ = {
			isa = XCBuildConfiguration;
			buildSettings = {
				ALWAYS_SEARCH_USER_PATHS = NO;
				CLANG_CXX_LANGUAGE_STANDARD = "gnu++0x";
				CLANG_CXX_LIBRARY = "libc++";
				CLANG_ENABLE_MODULES = YES;
				CLANG_ENABLE_OBJC_ARC = YES;
				CLANG_WARN_BOOL_CONVERSION = YES;
				CLANG_WARN_CONSTANT_CONVERSION = YES;
				CLANG_WARN_DIRECT_OBJC_ISA_USAGE = YES_ERROR;
				CLANG_WARN_EMPTY_BODY = YES;
				CLANG_WARN_ENUM_CONVERSION = YES;
				CLANG_WARN_INT_CONVERSION = YES;
				CLANG_WARN_OBJC_ROOT_CLASS = YES_ERROR;
				CLANG_WARN_UNREACHABLE_CODE = YES;
				CLANG_WARN__DUPLICATE_METHOD_MATCH = YES;
				"CODE_SIGN_IDENTITY[sdk=iphoneos*]" = "iPhone Developer";
				COPY_PHASE_STRIP = NO;
				DEBUG_INFORMATION_FORMAT = "dwarf-with-dsym";
				ENABLE_STRICT_OBJC_MSGSEND = YES;
				GCC_C_LANGUAGE_STANDARD = gnu99;
				GCC_DYNAMIC_NO_PIC = NO;
				GCC_NO_COMMON_BLOCKS = YES;
				GCC_OPTIMIZATION_LEVEL = 0;
				GCC_PREPROCESSOR_DEFINITIONS = (
					"DEBUG=1",
					"$(inherited)",
				);
				GCC_SYMBOLS_PRIVATE_EXTERN = NO;
				GCC_WARN_64_TO_32_BIT_CONVERSION = YES;
				GCC_WARN_ABOUT_RETURN_TYPE = YES_ERROR;
				GCC_WARN_UNDECLARED_SELECTOR = YES;
				GCC_WARN_UNINITIALIZED_AUTOS = YES_AGGRESSIVE;
				GCC_WARN_UNUSED_FUNCTION = YES;
				GCC_WARN_UNUSED_VARIABLE = YES;
				IPHONEOS_DEPLOYMENT_TARGET = 8.3;
				MTL_ENABLE_DEBUG_INFO = YES;
				ONLY_ACTIVE_ARCH = YES;
				SDKROOT = iphoneos;
				SWIFT_OPTIMIZATION_LEVEL = "-Onone";
				TARGETED_DEVICE_FAMILY = "1,2";
			};
			name = Debug;
		};
		69ECB4E51B31E4610055EF4A /* Release */ = {
			isa = XCBuildConfiguration;
			buildSettings = {
				ALWAYS_SEARCH_USER_PATHS = NO;
				CLANG_CXX_LANGUAGE_STANDARD = "gnu++0x";
				CLANG_CXX_LIBRARY = "libc++";
				CLANG_ENABLE_MODULES = YES;
				CLANG_ENABLE_OBJC_ARC = YES;
				CLANG_WARN_BOOL_CONVERSION = YES;
				CLANG_WARN_CONSTANT_CONVERSION = YES;
				CLANG_WARN_DIRECT_OBJC_ISA_USAGE = YES_ERROR;
				CLANG_WARN_EMPTY_BODY = YES;
				CLANG_WARN_ENUM_CONVERSION = YES;
				CLANG_WARN_INT_CONVERSION = YES;
				CLANG_WARN_OBJC_ROOT_CLASS = YES_ERROR;
				CLANG_WARN_UNREACHABLE_CODE = YES;
				CLANG_WARN__DUPLICATE_METHOD_MATCH = YES;
				"CODE_SIGN_IDENTITY[sdk=iphoneos*]" = "iPhone Developer";
				COPY_PHASE_STRIP = NO;
				DEBUG_INFORMATION_FORMAT = "dwarf-with-dsym";
				ENABLE_NS_ASSERTIONS = NO;
				ENABLE_STRICT_OBJC_MSGSEND = YES;
				GCC_C_LANGUAGE_STANDARD = gnu99;
				GCC_NO_COMMON_BLOCKS = YES;
				GCC_WARN_64_TO_32_BIT_CONVERSION = YES;
				GCC_WARN_ABOUT_RETURN_TYPE = YES_ERROR;
				GCC_WARN_UNDECLARED_SELECTOR = YES;
				GCC_WARN_UNINITIALIZED_AUTOS = YES_AGGRESSIVE;
				GCC_WARN_UNUSED_FUNCTION = YES;
				GCC_WARN_UNUSED_VARIABLE = YES;
				IPHONEOS_DEPLOYMENT_TARGET = 8.3;
				MTL_ENABLE_DEBUG_INFO = NO;
				SDKROOT = iphoneos;
				TARGETED_DEVICE_FAMILY = "1,2";
				VALIDATE_PRODUCT = YES;
			};
			name = Release;
		};
		69ECB4E71B31E4610055EF4A /* Debug */ = {
			isa = XCBuildConfiguration;
			baseConfigurationReference = D90C0D94C0B9EA96D7F236F2 /* Pods.debug.xcconfig */;
			buildSettings = {
				ASSETCATALOG_COMPILER_APPICON_NAME = AppIcon;
				INFOPLIST_FILE = SJLocationTracking/Info.plist;
				LD_RUNPATH_SEARCH_PATHS = "$(inherited) @executable_path/Frameworks";
				PRODUCT_NAME = "$(TARGET_NAME)";
			};
			name = Debug;
		};
		69ECB4E81B31E4610055EF4A /* Release */ = {
			isa = XCBuildConfiguration;
			baseConfigurationReference = 71FBBCA83352111DEC33D6A5 /* Pods.release.xcconfig */;
			buildSettings = {
				ASSETCATALOG_COMPILER_APPICON_NAME = AppIcon;
				INFOPLIST_FILE = SJLocationTracking/Info.plist;
				LD_RUNPATH_SEARCH_PATHS = "$(inherited) @executable_path/Frameworks";
				PRODUCT_NAME = "$(TARGET_NAME)";
			};
			name = Release;
		};
		69ECB4EA1B31E4610055EF4A /* Debug */ = {
			isa = XCBuildConfiguration;
			buildSettings = {
				BUNDLE_LOADER = "$(TEST_HOST)";
				FRAMEWORK_SEARCH_PATHS = (
					"$(SDKROOT)/Developer/Library/Frameworks",
					"$(inherited)",
				);
				GCC_PREPROCESSOR_DEFINITIONS = (
					"DEBUG=1",
					"$(inherited)",
				);
				INFOPLIST_FILE = SJLocationTrackingTests/Info.plist;
				LD_RUNPATH_SEARCH_PATHS = "$(inherited) @executable_path/Frameworks @loader_path/Frameworks";
				PRODUCT_NAME = "$(TARGET_NAME)";
				TEST_HOST = "$(BUILT_PRODUCTS_DIR)/SJLocationTracking.app/SJLocationTracking";
			};
			name = Debug;
		};
		69ECB4EB1B31E4610055EF4A /* Release */ = {
			isa = XCBuildConfiguration;
			buildSettings = {
				BUNDLE_LOADER = "$(TEST_HOST)";
				FRAMEWORK_SEARCH_PATHS = (
					"$(SDKROOT)/Developer/Library/Frameworks",
					"$(inherited)",
				);
				INFOPLIST_FILE = SJLocationTrackingTests/Info.plist;
				LD_RUNPATH_SEARCH_PATHS = "$(inherited) @executable_path/Frameworks @loader_path/Frameworks";
				PRODUCT_NAME = "$(TARGET_NAME)";
				TEST_HOST = "$(BUILT_PRODUCTS_DIR)/SJLocationTracking.app/SJLocationTracking";
			};
			name = Release;
		};
/* End XCBuildConfiguration section */

/* Begin XCConfigurationList section */
		69ECB4BF1B31E4600055EF4A /* Build configuration list for PBXProject "SJLocationTracking" */ = {
			isa = XCConfigurationList;
			buildConfigurations = (
				69ECB4E41B31E4610055EF4A /* Debug */,
				69ECB4E51B31E4610055EF4A /* Release */,
			);
			defaultConfigurationIsVisible = 0;
			defaultConfigurationName = Release;
		};
		69ECB4E61B31E4610055EF4A /* Build configuration list for PBXNativeTarget "SJLocationTracking" */ = {
			isa = XCConfigurationList;
			buildConfigurations = (
				69ECB4E71B31E4610055EF4A /* Debug */,
				69ECB4E81B31E4610055EF4A /* Release */,
			);
			defaultConfigurationIsVisible = 0;
			defaultConfigurationName = Release;
		};
		69ECB4E91B31E4610055EF4A /* Build configuration list for PBXNativeTarget "SJLocationTrackingTests" */ = {
			isa = XCConfigurationList;
			buildConfigurations = (
				69ECB4EA1B31E4610055EF4A /* Debug */,
				69ECB4EB1B31E4610055EF4A /* Release */,
			);
			defaultConfigurationIsVisible = 0;
			defaultConfigurationName = Release;
		};
/* End XCConfigurationList section */

/* Begin XCVersionGroup section */
		69ECB4CB1B31E4600055EF4A /* SJLocationTracking.xcdatamodeld */ = {
			isa = XCVersionGroup;
			children = (
				69ECB4CC1B31E4600055EF4A /* SJLocationTracking.xcdatamodel */,
			);
			currentVersion = 69ECB4CC1B31E4600055EF4A /* SJLocationTracking.xcdatamodel */;
			path = SJLocationTracking.xcdatamodeld;
			sourceTree = "<group>";
			versionGroupType = wrapper.xcdatamodel;
		};
/* End XCVersionGroup section */
	};
	rootObject = 69ECB4BC1B31E4600055EF4A /* Project object */;
}
